<?xml version="1.0" encoding="utf-8"?>
<Project ToolsVersion="4.0" xmlns="http://schemas.microsoft.com/developer/msbuild/2003">
  <ItemGroup>
    <ClCompile Include="Crown\System.cpp">
      <Filter>Crown</Filter>
    </ClCompile>
    <ClCompile Include="Crown\Object\Window.cpp">
      <Filter>Crown\Object</Filter>
    </ClCompile>
    <ClCompile Include="Crown\Object\RenderSystem\RenderSystem.cpp">
      <Filter>Crown\Object\RenderSystem</Filter>
    </ClCompile>
    <ClCompile Include="Crown\Object\RenderSystem\DirectX12Wraps\CommandAllocator.cpp">
      <Filter>Crown\Object\RenderSystem\Model\DirectX12Wraps</Filter>
    </ClCompile>
    <ClCompile Include="Crown\Object\RenderSystem\DirectX12Wraps\GraphicPipeline.cpp">
      <Filter>Crown\Object\RenderSystem\Model\DirectX12Wraps</Filter>
    </ClCompile>
    <ClCompile Include="Crown\Object\RenderSystem\DirectX12Wraps\GraphicsCommandList.cpp">
      <Filter>Crown\Object\RenderSystem\Model\DirectX12Wraps</Filter>
    </ClCompile>
    <ClCompile Include="Crown\Object\RenderSystem\DirectX12Wraps\SwapChain.cpp">
      <Filter>Crown\Object\RenderSystem\Model\DirectX12Wraps</Filter>
    </ClCompile>
    <ClCompile Include="Game\Game.cpp">
      <Filter>Game</Filter>
    </ClCompile>
    <ClCompile Include="Crown\Object\RenderSystem\Model\ModelManager.cpp">
      <Filter>Crown\Object\RenderSystem\Model</Filter>
    </ClCompile>
    <ClCompile Include="Crown\Object\RenderSystem\Model\Model.cpp">
      <Filter>Crown\Object\RenderSystem\Model</Filter>
    </ClCompile>
    <ClCompile Include="Crown\Object\RenderSystem\Model\Vertices.cpp">
      <Filter>Crown\Object\RenderSystem\Model</Filter>
    </ClCompile>
    <ClCompile Include="Crown\Object\RenderSystem\DirectX12Wraps\ResourceUploader.cpp">
      <Filter>Crown\Object\RenderSystem\Model\DirectX12Wraps</Filter>
    </ClCompile>
    <ClCompile Include="Crown\Object\RenderSystem\DirectX12Wraps\DescriptorHeaps.cpp">
      <Filter>Crown\Object\RenderSystem\Model\DirectX12Wraps</Filter>
    </ClCompile>
    <ClCompile Include="Crown\Object\RenderSystem\Model\MaterialMesh.cpp">
      <Filter>Crown\Object\RenderSystem\Model</Filter>
    </ClCompile>
    <ClCompile Include="Crown\Object\RenderSystem\DirectX12Wraps\RootSignature.cpp">
      <Filter>Crown\Object\RenderSystem\Model\DirectX12Wraps</Filter>
    </ClCompile>
    <ClCompile Include="Crown\Object\RenderSystem\Model\Material.cpp">
      <Filter>Crown\Object\RenderSystem\Model</Filter>
    </ClCompile>
    <ClCompile Include="Crown\Object\RenderSystem\Model\ModelLoader.cpp">
      <Filter>Crown\Object\RenderSystem\Model</Filter>
    </ClCompile>
    <ClCompile Include="Crown\Object\RenderSystem\TextureBuffer.cpp">
      <Filter>Crown\Object\RenderSystem</Filter>
    </ClCompile>
    <ClCompile Include="Crown\Object\RenderSystem\RenderCommands\RenderCommandFactory.cpp">
      <Filter>Crown\Object\RenderSystem\RenderCommands</Filter>
    </ClCompile>
    <ClCompile Include="Crown\Object\RenderSystem\RenderCommands\RenderCommandQueue.cpp">
      <Filter>Crown\Object\RenderSystem\RenderCommands</Filter>
    </ClCompile>
    <ClCompile Include="Crown\Object\RenderSystem\RenderCommands\SetDescriptor.cpp">
      <Filter>Crown\Object\RenderSystem\RenderCommands\Command</Filter>
    </ClCompile>
    <ClCompile Include="main.cpp" />
    <ClCompile Include="Crown\Object\RenderSystem\BlobConstBuffer\BlobConstBuffer.cpp">
      <Filter>Crown\Object\RenderSystem\BlobConstBuffer</Filter>
    </ClCompile>
    <ClCompile Include="Crown\Object\RenderSystem\Camera.cpp">
      <Filter>Crown\Object\RenderSystem\Model</Filter>
    </ClCompile>
    <ClCompile Include="Crown\Object\RenderSystem\Shader.cpp">
      <Filter>Crown\Object\RenderSystem</Filter>
    </ClCompile>
    <ClCompile Include="Crown\Object\RenderSystem\RenderCommands\SetPipelineState.cpp">
      <Filter>Crown\Object\RenderSystem\RenderCommands\Command</Filter>
    </ClCompile>
    <ClCompile Include="Crown\Object\RenderSystem\RenderCommands\SetVertexBuffer.cpp">
      <Filter>Crown\Object\RenderSystem\RenderCommands\Command</Filter>
    </ClCompile>
    <ClCompile Include="Crown\Object\RenderSystem\RenderCommands\SetIndexBuffer.cpp">
      <Filter>Crown\Object\RenderSystem\RenderCommands\Command</Filter>
    </ClCompile>
    <ClCompile Include="Crown\Object\RenderSystem\Model\FileType\Pmd.cpp">
      <Filter>Crown\Object\RenderSystem\Model\FileType</Filter>
    </ClCompile>
    <ClCompile Include="Crown\Object\RenderSystem\Model\FileType\Pmx.cpp">
      <Filter>Crown\Object\RenderSystem\Model\FileType</Filter>
    </ClCompile>
    <ClCompile Include="Crown\Object\RenderSystem\Model\Bone.cpp">
      <Filter>Crown\Object\RenderSystem\Model</Filter>
    </ClCompile>
    <ClCompile Include="Crown\Object\RenderSystem\Animation\AnimationData.cpp">
      <Filter>Crown\Object\RenderSystem\Animation</Filter>
    </ClCompile>
    <ClCompile Include="Crown\Object\RenderSystem\Animation\AnimationDataManager.cpp">
      <Filter>Crown\Object\RenderSystem\Animation</Filter>
    </ClCompile>
    <ClCompile Include="Crown\Object\RenderSystem\UI\UiManager.cpp">
      <Filter>Crown\Object\RenderSystem\UI</Filter>
    </ClCompile>
    <ClCompile Include="Crown\Object\RenderSystem\UI\Ui.cpp">
      <Filter>Crown\Object\RenderSystem\UI</Filter>
    </ClCompile>
    <ClCompile Include="Crown\Object\RenderSystem\UI\UIType\UiGraphic.cpp">
      <Filter>Crown\Object\RenderSystem\UI\UIType</Filter>
    </ClCompile>
    <ClCompile Include="Crown\Object\RenderSystem\RenderTarget.cpp">
      <Filter>Crown\Object\RenderSystem</Filter>
    </ClCompile>
    <ClCompile Include="Game\GameObject\GameObject.cpp">
      <Filter>Game\GameObject</Filter>
    </ClCompile>
    <ClCompile Include="Game\Timer.cpp">
      <Filter>Game</Filter>
    </ClCompile>
    <ClCompile Include="Game\GameObject\UI\GameUI.cpp">
      <Filter>Game\GameObject\UI</Filter>
    </ClCompile>
    <ClCompile Include="Game\Debug\DebugLog.cpp">
      <Filter>Game\Debug</Filter>
    </ClCompile>
    <ClCompile Include="Game\GameObject\Stage\Object\Character\Enemy\Enemy.cpp">
      <Filter>Game\GameObject\Stage\Object\Character\Enemy</Filter>
    </ClCompile>
    <ClCompile Include="Game\GameObject\Stage\Object\Character\Player\Player.cpp">
      <Filter>Game\GameObject\Stage\Object\Character\Player</Filter>
    </ClCompile>
    <ClCompile Include="Game\GameObject\Stage\Object\Character\Player\PlayerCamera.cpp">
      <Filter>Game\GameObject\Stage\Object\Character\Player</Filter>
    </ClCompile>
    <ClCompile Include="Crown\Object\Input.cpp">
      <Filter>Crown\Object</Filter>
    </ClCompile>
    <ClCompile Include="Game\GameObject\Input\GameInput.cpp">
      <Filter>Game\GameObject\Input</Filter>
    </ClCompile>
    <ClCompile Include="Game\GameObject\UI\State\Title\UITitle.cpp">
      <Filter>Game\GameObject\UI\State\Title</Filter>
    </ClCompile>
    <ClCompile Include="Game\GameObject\UI\State\Title\State\UITitleFadeIn.cpp">
      <Filter>Game\GameObject\UI\State\Title\State</Filter>
    </ClCompile>
    <ClCompile Include="Game\GameObject\UI\State\Title\State\UITitleFadeOut.cpp">
      <Filter>Game\GameObject\UI\State\Title\State</Filter>
    </ClCompile>
    <ClCompile Include="Game\GameObject\UI\State\Title\State\UITitleMenu.cpp">
      <Filter>Game\GameObject\UI\State\Title\State</Filter>
    </ClCompile>
    <ClCompile Include="Game\GameObject\UI\State\Title\State\UITitlePleaseSpaceKey.cpp">
      <Filter>Game\GameObject\UI\State\Title\State</Filter>
    </ClCompile>
    <ClCompile Include="Game\GameObject\UI\State\Title\State\MenuState\TitleMenu.cpp">
      <Filter>Game\GameObject\UI\State\Title\State\MenuState</Filter>
    </ClCompile>
    <ClCompile Include="Game\GameObject\UI\State\Title\State\MenuState\TitleMenuMenuIn.cpp">
      <Filter>Game\GameObject\UI\State\Title\State\MenuState</Filter>
    </ClCompile>
    <ClCompile Include="Game\GameObject\UI\State\Title\State\MenuState\TitleMenuTitleMove.cpp">
      <Filter>Game\GameObject\UI\State\Title\State\MenuState</Filter>
    </ClCompile>
    <ClCompile Include="Game\GameObject\Render\MaterialFactory.cpp">
      <Filter>Game\GameObject\Render</Filter>
    </ClCompile>
    <ClCompile Include="Game\GameObject\Render\Render.cpp">
      <Filter>Game\GameObject\Render</Filter>
    </ClCompile>
    <ClCompile Include="Game\GameObject\Stage\Stage.cpp">
      <Filter>Game\GameObject\Stage</Filter>
    </ClCompile>
    <ClCompile Include="Game\GameObject\Stage\Object\Character\Player\PlayerState\PlayerTitle.cpp">
      <Filter>Game\GameObject\Stage\Object\Character\Player\State</Filter>
    </ClCompile>
    <ClCompile Include="Game\GameObject\Stage\Object\Character\Player\PlayerState\PlayerAttack.cpp">
      <Filter>Game\GameObject\Stage\Object\Character\Player\State</Filter>
    </ClCompile>
    <ClCompile Include="Game\GameObject\Stage\Object\Character\Player\PlayerState\PlayerAvoidance.cpp">
      <Filter>Game\GameObject\Stage\Object\Character\Player\State</Filter>
    </ClCompile>
    <ClCompile Include="Game\GameObject\Stage\Collider\ColliderSystem.cpp">
      <Filter>Game\GameObject\Stage\Collider</Filter>
    </ClCompile>
    <ClCompile Include="Game\GameObject\Stage\Collider\PlayerCollider.cpp">
      <Filter>Game\GameObject\Stage\Collider</Filter>
    </ClCompile>
    <ClCompile Include="Game\GameObject\Stage\Collider\StageCollider.cpp">
      <Filter>Game\GameObject\Stage\Collider</Filter>
    </ClCompile>
    <ClCompile Include="Game\GameObject\Stage\Collider\EnemyCollider.cpp">
      <Filter>Game\GameObject\Stage\Collider</Filter>
    </ClCompile>
    <ClCompile Include="Game\GameObject\Stage\Collider\ColliderAlgorithm.cpp">
      <Filter>Game\GameObject\Stage\Collider</Filter>
    </ClCompile>
    <ClCompile Include="Game\GameObject\Stage\Collider\InstanceCollection.cpp">
      <Filter>Game\GameObject\Stage\Collider</Filter>
    </ClCompile>
    <ClCompile Include="Game\GameObject\UI\State\Play\UIPlay.cpp">
      <Filter>Game\GameObject\UI\State\Play</Filter>
    </ClCompile>
    <ClCompile Include="Game\GameObject\Stage\Collider\PlayerAttackCollider.cpp">
      <Filter>Game\GameObject\Stage\Collider</Filter>
    </ClCompile>
    <ClCompile Include="Crown\Object\RenderSystem\Model\FileType\TriangleColliderDebug.cpp">
      <Filter>Crown\Object\RenderSystem\Model\FileType</Filter>
    </ClCompile>
    <ClCompile Include="Game\GameObject\Stage\Object\Character\Player\UI\PlayerHpUi.cpp">
      <Filter>Game\GameObject\Stage\Object\Character\Player\UI</Filter>
    </ClCompile>
    <ClCompile Include="Game\GameObject\Stage\Object\Character\Enemy\UI\EnemyUi.cpp">
      <Filter>Game\GameObject\Stage\Object\Character\Enemy\UI</Filter>
    </ClCompile>
    <ClCompile Include="Game\GameObject\Stage\Object\Character\Enemy\AIState\EnemyAIStateCombat.cpp">
      <Filter>Game\GameObject\Stage\Object\Character\Enemy\State</Filter>
    </ClCompile>
    <ClCompile Include="Game\GameObject\Stage\Object\Character\Enemy\AIState\EnemyAIStatePatrol.cpp">
      <Filter>Game\GameObject\Stage\Object\Character\Enemy\State\Patrol</Filter>
    </ClCompile>
    <ClCompile Include="Game\GameObject\Stage\Object\Character\Enemy\AIState\NavigationAI\PointPatrol.cpp" />
    <ClCompile Include="Game\GameObject\Stage\Object\Character\Enemy\AIState\EnemyAIStateTitle.cpp" />
    <ClCompile Include="Game\GameObject\Stage\Object\Character\Player\PlayerState\PlayerStateStand.cpp" />
    <ClCompile Include="Game\GameObject\Stage\Object\Character\Player\PlayerState\PlayerStateWalk.cpp" />
    <ClCompile Include="Game\GameObject\Stage\Object\Character\Player\PlayerState\PlayerStateRun.cpp" />
    <ClCompile Include="Game\GameObject\Stage\StageObject\Sky.cpp" />
    <ClCompile Include="Crown\Object\RenderSystem\DirectX12Wraps\DefaultRootSignature.cpp" />
    <ClCompile Include="Game\GameObject\Stage\StageObject\Aisle.cpp" />
    <ClCompile Include="Game\GameObject\Stage\Collider\AisleCollider.cpp" />
    <ClCompile Include="Game\GameObject\Stage\Object\Character\Enemy\AIState\CombatAction\CombatAttack.cpp" />
    <ClCompile Include="Game\GameObject\Stage\Collider\EnemyAttackCollider.cpp" />
    <ClCompile Include="Game\GameObject\Stage\Object\Character\HP.cpp" />
    <ClCompile Include="Game\GameObject\Stage\Object\Character\Player\PlayerState\PlayerDied.cpp" />
    <ClCompile Include="Game\GameObject\Stage\Object\Character\Enemy\AIState\CombatAction\WrapAround.cpp" />
    <ClCompile Include="Game\GameObject\Stage\Object\Character\Enemy\AIState\CombatAction\Approach.cpp" />
    <ClCompile Include="Game\GameObject\Stage\Object\Character\Enemy\AIState\CombatAction\ThrustAttack.cpp" />
    <ClCompile Include="Game\GameObject\Stage\Object\Character\Enemy\AIState\CombatAction\Shot.cpp" />
    <ClCompile Include="Game\GameObject\Stage\Object\Bullet.cpp" />
    <ClCompile Include="Game\GameObject\Stage\Collider\BulletCollider.cpp" />
  </ItemGroup>
  <ItemGroup>
    <Filter Include="Crown">
      <UniqueIdentifier>{ed024ba7-10b6-46dc-af02-0baa02ea058d}</UniqueIdentifier>
    </Filter>
    <Filter Include="Crown\Object">
      <UniqueIdentifier>{86baee08-5e15-444a-af81-7a09bd6fd883}</UniqueIdentifier>
    </Filter>
    <Filter Include="Game">
      <UniqueIdentifier>{1c6eec3d-2d5c-424d-ae48-e80b2eedaba9}</UniqueIdentifier>
    </Filter>
    <Filter Include="Crown\Object\RenderSystem">
      <UniqueIdentifier>{4cb410dd-bef0-4ede-9bd1-b28dc4a8f26f}</UniqueIdentifier>
    </Filter>
    <Filter Include="Crown\Object\RenderSystem\Model">
      <UniqueIdentifier>{2fde15c9-74f7-4820-8427-b5b78c0bd3ce}</UniqueIdentifier>
    </Filter>
    <Filter Include="Crown\Debug">
      <UniqueIdentifier>{cee9fb0d-50e7-402b-b0ee-5dffcb1b7333}</UniqueIdentifier>
    </Filter>
    <Filter Include="Crown\Object\RenderSystem\RenderCommands">
      <UniqueIdentifier>{ffe809f0-19e8-420a-8ffc-e80e8c785708}</UniqueIdentifier>
    </Filter>
    <Filter Include="Crown\Object\RenderSystem\RenderCommands\Command">
      <UniqueIdentifier>{f31e12dc-046d-492e-8145-520832fb7c02}</UniqueIdentifier>
    </Filter>
    <Filter Include="Crown\Object\RenderSystem\BlobConstBuffer">
      <UniqueIdentifier>{eb35ba6a-2a07-4d15-83b3-4058e8372286}</UniqueIdentifier>
    </Filter>
    <Filter Include="Crown\Shader">
      <UniqueIdentifier>{b308b916-f115-4ff9-b16a-4f5fd49f80f1}</UniqueIdentifier>
    </Filter>
    <Filter Include="Crown\Object\RenderSystem\Model\FileType">
      <UniqueIdentifier>{a50af839-4d7f-42ef-aae4-4a09f564a676}</UniqueIdentifier>
    </Filter>
    <Filter Include="Game\GameObject">
      <UniqueIdentifier>{89d47cc4-c32a-49c8-8f5b-70788c385559}</UniqueIdentifier>
    </Filter>
    <Filter Include="Crown\Object\RenderSystem\Animation">
      <UniqueIdentifier>{827a87d1-348e-4825-85b5-bccde79f3753}</UniqueIdentifier>
    </Filter>
    <Filter Include="Crown\Object\RenderSystem\UI">
      <UniqueIdentifier>{48b39d6c-dda6-400f-ae04-e08cff540eee}</UniqueIdentifier>
    </Filter>
    <Filter Include="Crown\Object\RenderSystem\UI\UIType">
      <UniqueIdentifier>{4f14921a-3b28-4f8d-b317-470c399bde01}</UniqueIdentifier>
    </Filter>
    <Filter Include="Crown\Shader\MMD">
      <UniqueIdentifier>{1cb5e955-0e9d-4b72-a358-62d5b721d2a0}</UniqueIdentifier>
    </Filter>
    <Filter Include="Crown\Shader\UI">
      <UniqueIdentifier>{5156f6f8-39c1-45f0-b6c4-2485ae2328d6}</UniqueIdentifier>
    </Filter>
    <Filter Include="Crown\Object\RenderSystem\TestSystem">
      <UniqueIdentifier>{ccd819b8-7fea-42b9-b5a8-f7c98b616fff}</UniqueIdentifier>
    </Filter>
    <Filter Include="Game\DesignPatterns">
      <UniqueIdentifier>{03dca546-201e-4494-8c3a-c9aa965165fc}</UniqueIdentifier>
    </Filter>
    <Filter Include="Game\GameObject\UI">
      <UniqueIdentifier>{dbcce43f-c596-4024-8800-99a48e1cc166}</UniqueIdentifier>
    </Filter>
    <Filter Include="Shader">
      <UniqueIdentifier>{2704c107-0998-4552-b8d7-2d39dd78f672}</UniqueIdentifier>
    </Filter>
    <Filter Include="Game\GameObject\UI\State">
      <UniqueIdentifier>{17086f54-e621-40ab-8585-83faef615924}</UniqueIdentifier>
    </Filter>
    <Filter Include="Game\GameObject\UI\State\Title">
      <UniqueIdentifier>{450e1de5-6951-4596-9a37-6339dc0c90c9}</UniqueIdentifier>
    </Filter>
    <Filter Include="Game\GameObject\UI\State\Title\State">
      <UniqueIdentifier>{224f0a98-51f2-4528-8f23-e0c5b6bfc6bc}</UniqueIdentifier>
    </Filter>
    <Filter Include="Game\GameObject\Input">
      <UniqueIdentifier>{2946c7e8-b208-4220-926a-efa5eed5aa7b}</UniqueIdentifier>
    </Filter>
    <Filter Include="Game\GameObject\UI\State\Title\State\MenuState">
      <UniqueIdentifier>{4f09a291-7a5f-4c11-893e-675440a49828}</UniqueIdentifier>
    </Filter>
    <Filter Include="Game\Debug">
      <UniqueIdentifier>{7671c609-6125-4b2e-828c-2ddfcb339a76}</UniqueIdentifier>
    </Filter>
    <Filter Include="Game\GameObject\Render">
      <UniqueIdentifier>{f08fc60a-8d67-46d0-b408-df7955773fa7}</UniqueIdentifier>
    </Filter>
    <Filter Include="Game\GameObject\Stage">
      <UniqueIdentifier>{c678e3c1-74ce-415c-a952-cca8487cde8c}</UniqueIdentifier>
    </Filter>
    <Filter Include="Game\GameObject\Stage\Object">
      <UniqueIdentifier>{0195b8f0-8fe5-4b8b-a1f1-0a810c6f0735}</UniqueIdentifier>
    </Filter>
    <Filter Include="Game\GameObject\Stage\Object\Character">
      <UniqueIdentifier>{09db1fe3-26ee-4f36-a4c8-d87567dc28e9}</UniqueIdentifier>
    </Filter>
    <Filter Include="Game\GameObject\Stage\Object\Character\Player">
      <UniqueIdentifier>{120cfe81-f0ff-466a-b008-d50b8215bc7d}</UniqueIdentifier>
    </Filter>
    <Filter Include="Game\GameObject\Stage\Object\Character\Player\State">
      <UniqueIdentifier>{e9c89725-acd7-40e7-bb19-2c89de464bc6}</UniqueIdentifier>
    </Filter>
    <Filter Include="Game\GameObject\Stage\Object\Character\Enemy">
      <UniqueIdentifier>{4137ed56-853c-4061-af7c-b7e07e5416cc}</UniqueIdentifier>
    </Filter>
    <Filter Include="Game\GameObject\Stage\StageObjcet">
      <UniqueIdentifier>{50e10b08-55f1-4bb8-9053-6be958fa573b}</UniqueIdentifier>
    </Filter>
    <Filter Include="Game\GameObject\Stage\Object\Character\Player\State\PlayerStateDefault">
      <UniqueIdentifier>{c671373b-72b5-4061-8c49-47cdfe1db03f}</UniqueIdentifier>
    </Filter>
    <Filter Include="Shader\Riria">
      <UniqueIdentifier>{aa845d93-ee47-4f90-8dab-7a240cadaa0b}</UniqueIdentifier>
    </Filter>
    <Filter Include="Game\GameObject\Stage\Collider">
      <UniqueIdentifier>{36e0536c-c527-4066-9165-1a8745f56f45}</UniqueIdentifier>
    </Filter>
    <Filter Include="Game\GameObject\UI\State\Play">
      <UniqueIdentifier>{82c7cbcd-99a2-47fe-ad70-135bbe79c500}</UniqueIdentifier>
    </Filter>
    <Filter Include="Game\GameObject\UI\State\Play\Object">
      <UniqueIdentifier>{68bb4864-abe5-4c74-8010-ac3cce8000fe}</UniqueIdentifier>
    </Filter>
    <Filter Include="Game\GameObject\Stage\Object\Character\Enemy\State">
      <UniqueIdentifier>{636c843e-f2db-4603-8c6b-a3307c7777ad}</UniqueIdentifier>
    </Filter>
    <Filter Include="Crown\Shader\Debug">
      <UniqueIdentifier>{4a0be055-1168-49ff-a055-449ba04af4b9}</UniqueIdentifier>
    </Filter>
    <Filter Include="Shader\UI">
      <UniqueIdentifier>{4e44727b-d7ba-4269-9f88-7ce0c8174646}</UniqueIdentifier>
    </Filter>
    <Filter Include="Crown\Object\RenderSystem\Model\DirectX12Wraps">
      <UniqueIdentifier>{858bc5d9-f677-4520-93f3-4328e835c54f}</UniqueIdentifier>
    </Filter>
    <Filter Include="Game\GameObject\UI\State\Play\State">
      <UniqueIdentifier>{2f55c565-a94b-4521-a0a3-c1913201d8a5}</UniqueIdentifier>
    </Filter>
    <Filter Include="Game\GameObject\Stage\Object\Character\Player\UI">
      <UniqueIdentifier>{5890b18f-8ec7-420f-9ebd-dc03bfbcfde7}</UniqueIdentifier>
    </Filter>
    <Filter Include="Game\GameObject\Stage\Object\Character\Enemy\UI">
      <UniqueIdentifier>{bbeb9955-056c-4180-8eb1-6a53784e108f}</UniqueIdentifier>
    </Filter>
    <Filter Include="Game\GameObject\Stage\Object\Character\Enemy\State\Patrol">
      <UniqueIdentifier>{4ff3e19c-e140-4dc8-bed7-e6448ebba76b}</UniqueIdentifier>
    </Filter>
  </ItemGroup>
  <ItemGroup>
    <ClInclude Include="Crown\System.h">
      <Filter>Crown</Filter>
    </ClInclude>
    <ClInclude Include="Crown\Object\Window.h">
      <Filter>Crown\Object</Filter>
    </ClInclude>
    <ClInclude Include="Crown\Object\RenderSystem\RenderSystem.h">
      <Filter>Crown\Object\RenderSystem</Filter>
    </ClInclude>
    <ClInclude Include="Crown\Object\RenderSystem\DirectX12Wraps\CommandAllocator.h">
      <Filter>Crown\Object\RenderSystem\Model\DirectX12Wraps</Filter>
    </ClInclude>
    <ClInclude Include="Crown\Object\RenderSystem\DirectX12Wraps\GraphicPipeline.h">
      <Filter>Crown\Object\RenderSystem\Model\DirectX12Wraps</Filter>
    </ClInclude>
    <ClInclude Include="Crown\Object\RenderSystem\DirectX12Wraps\GraphicsCommandList.h">
      <Filter>Crown\Object\RenderSystem\Model\DirectX12Wraps</Filter>
    </ClInclude>
    <ClInclude Include="Crown\Object\RenderSystem\DirectX12Wraps\SwapChain.h">
      <Filter>Crown\Object\RenderSystem\Model\DirectX12Wraps</Filter>
    </ClInclude>
    <ClInclude Include="Game\Game.h">
      <Filter>Game</Filter>
    </ClInclude>
    <ClInclude Include="Crown\Object\RenderSystem\Model\ModelManager.h">
      <Filter>Crown\Object\RenderSystem\Model</Filter>
    </ClInclude>
    <ClInclude Include="Crown\Object\RenderSystem\Model\MaterialTag.h">
      <Filter>Crown\Object\RenderSystem\Model</Filter>
    </ClInclude>
    <ClInclude Include="Crown\Object\RenderSystem\Model\Model.h">
      <Filter>Crown\Object\RenderSystem\Model</Filter>
    </ClInclude>
    <ClInclude Include="Crown\Object\RenderSystem\Model\Vertices.h">
      <Filter>Crown\Object\RenderSystem\Model</Filter>
    </ClInclude>
    <ClInclude Include="Crown\Object\RenderSystem\DirectX12Wraps\ResourceUploader.h">
      <Filter>Crown\Object\RenderSystem\Model\DirectX12Wraps</Filter>
    </ClInclude>
    <ClInclude Include="Crown\Object\RenderSystem\DirectX12Wraps\DescriptorHeaps.h">
      <Filter>Crown\Object\RenderSystem\Model\DirectX12Wraps</Filter>
    </ClInclude>
    <ClInclude Include="Crown\Object\RenderSystem\Model\MaterialMesh.h">
      <Filter>Crown\Object\RenderSystem\Model</Filter>
    </ClInclude>
    <ClInclude Include="Crown\Object\RenderSystem\Model\Material.h">
      <Filter>Crown\Object\RenderSystem\Model</Filter>
    </ClInclude>
    <ClInclude Include="Crown\Object\RenderSystem\DirectX12Wraps\RootSignature.h">
      <Filter>Crown\Object\RenderSystem\Model\DirectX12Wraps</Filter>
    </ClInclude>
    <ClInclude Include="Crown\Object\StringAlgorithm.h">
      <Filter>Crown\Object</Filter>
    </ClInclude>
    <ClInclude Include="Crown\Object\RenderSystem\Model\ModelLoader.h">
      <Filter>Crown\Object\RenderSystem\Model</Filter>
    </ClInclude>
    <ClInclude Include="Crown\Object\RenderSystem\TextureBuffer.h">
      <Filter>Crown\Object\RenderSystem</Filter>
    </ClInclude>
    <ClInclude Include="Crown\Object\RenderSystem\RenderCommands\RenderCommandBase.h">
      <Filter>Crown\Object\RenderSystem\RenderCommands</Filter>
    </ClInclude>
    <ClInclude Include="Crown\Object\RenderSystem\RenderCommands\RenderCommandFactory.h">
      <Filter>Crown\Object\RenderSystem\RenderCommands</Filter>
    </ClInclude>
    <ClInclude Include="Crown\Object\RenderSystem\RenderCommands\RenderCommandQueue.h">
      <Filter>Crown\Object\RenderSystem\RenderCommands</Filter>
    </ClInclude>
    <ClInclude Include="Crown\Object\RenderSystem\RenderCommands\SetDescriptor.h">
      <Filter>Crown\Object\RenderSystem\RenderCommands\Command</Filter>
    </ClInclude>
    <ClInclude Include="Crown\Object\RenderSystem\BlobConstBuffer\BlobConstBuffer.h">
      <Filter>Crown\Object\RenderSystem\BlobConstBuffer</Filter>
    </ClInclude>
    <ClInclude Include="Crown\Object\RenderSystem\Camera.h">
      <Filter>Crown\Object\RenderSystem\Model</Filter>
    </ClInclude>
    <ClInclude Include="Crown\Object\RenderSystem\Shader.h">
      <Filter>Crown\Object\RenderSystem</Filter>
    </ClInclude>
    <ClInclude Include="Crown\Object\RenderSystem\RenderCommands\SetPipelineState.h">
      <Filter>Crown\Object\RenderSystem\RenderCommands\Command</Filter>
    </ClInclude>
    <ClInclude Include="Crown\Object\RenderSystem\RenderCommands\SetVertexBuffer.h">
      <Filter>Crown\Object\RenderSystem\RenderCommands\Command</Filter>
    </ClInclude>
    <ClInclude Include="Crown\Object\RenderSystem\RenderCommands\SetIndexBuffer.h">
      <Filter>Crown\Object\RenderSystem\RenderCommands\Command</Filter>
    </ClInclude>
    <ClInclude Include="Crown\Object\RenderSystem\Model\FileType\Pmd.h">
      <Filter>Crown\Object\RenderSystem\Model\FileType</Filter>
    </ClInclude>
    <ClInclude Include="Crown\Object\RenderSystem\Model\FileType\Pmx.h">
      <Filter>Crown\Object\RenderSystem\Model\FileType</Filter>
    </ClInclude>
    <ClInclude Include="Crown\Object\RenderSystem\Model\Bone.h">
      <Filter>Crown\Object\RenderSystem\Model</Filter>
    </ClInclude>
    <ClInclude Include="Crown\Object\RenderSystem\Animation\AnimationData.h">
      <Filter>Crown\Object\RenderSystem\Animation</Filter>
    </ClInclude>
    <ClInclude Include="Crown\Object\RenderSystem\Animation\AnimationDataManager.h">
      <Filter>Crown\Object\RenderSystem\Animation</Filter>
    </ClInclude>
    <ClInclude Include="Crown\Object\RenderSystem\UI\UiManager.h">
      <Filter>Crown\Object\RenderSystem\UI</Filter>
    </ClInclude>
    <ClInclude Include="Crown\Object\RenderSystem\UI\Ui.h">
      <Filter>Crown\Object\RenderSystem\UI</Filter>
    </ClInclude>
    <ClInclude Include="Crown\Object\RenderSystem\UI\UIType\UiGraphic.h">
      <Filter>Crown\Object\RenderSystem\UI\UIType</Filter>
    </ClInclude>
    <ClInclude Include="Crown\Object\RenderSystem\RenderTarget.h">
      <Filter>Crown\Object\RenderSystem</Filter>
    </ClInclude>
    <ClInclude Include="Game\GameObject\GameObject.h">
      <Filter>Game\GameObject</Filter>
    </ClInclude>
    <ClInclude Include="Game\DesignPatterns\FiniteStateMachine.h">
      <Filter>Game\DesignPatterns</Filter>
    </ClInclude>
    <ClInclude Include="Game\DesignPatterns\Singleton.h">
      <Filter>Game\DesignPatterns</Filter>
    </ClInclude>
    <ClInclude Include="Game\Timer.h">
      <Filter>Game</Filter>
    </ClInclude>
    <ClInclude Include="Game\GameObject\UI\GameUI.h">
      <Filter>Game\GameObject\UI</Filter>
    </ClInclude>
    <ClInclude Include="Game\Debug\DebugLog.h">
      <Filter>Game\Debug</Filter>
    </ClInclude>
    <ClInclude Include="Game\GameObject\Stage\Object\Character\Enemy\Enemy.h">
      <Filter>Game\GameObject\Stage\Object\Character\Enemy</Filter>
    </ClInclude>
    <ClInclude Include="Game\GameObject\Stage\Object\Character\Player\Player.h">
      <Filter>Game\GameObject\Stage\Object\Character\Player</Filter>
    </ClInclude>
    <ClInclude Include="Game\GameObject\Stage\Object\Character\Player\PlayerCamera.h">
      <Filter>Game\GameObject\Stage\Object\Character\Player</Filter>
    </ClInclude>
    <ClInclude Include="Crown\Object\Input.h">
      <Filter>Crown\Object</Filter>
    </ClInclude>
    <ClInclude Include="Game\GameObject\Input\GameInput.h">
      <Filter>Game\GameObject\Input</Filter>
    </ClInclude>
    <ClInclude Include="Game\GameObject\UI\State\UIState.h">
      <Filter>Game\GameObject\UI\State</Filter>
    </ClInclude>
    <ClInclude Include="Game\GameObject\UI\State\Title\UITitle.h">
      <Filter>Game\GameObject\UI\State\Title</Filter>
    </ClInclude>
    <ClInclude Include="Game\GameObject\UI\State\Title\State\UITitleState.h">
      <Filter>Game\GameObject\UI\State\Title\State</Filter>
    </ClInclude>
    <ClInclude Include="Game\GameObject\UI\State\Title\State\UITitleFadeIn.h">
      <Filter>Game\GameObject\UI\State\Title\State</Filter>
    </ClInclude>
    <ClInclude Include="Game\GameObject\UI\State\Title\State\UITitleFadeOut.h">
      <Filter>Game\GameObject\UI\State\Title\State</Filter>
    </ClInclude>
    <ClInclude Include="Game\GameObject\UI\State\Title\State\UITitleMenu.h">
      <Filter>Game\GameObject\UI\State\Title\State</Filter>
    </ClInclude>
    <ClInclude Include="Game\GameObject\UI\State\Title\State\UITitlePleaseSpaceKey.h">
      <Filter>Game\GameObject\UI\State\Title\State</Filter>
    </ClInclude>
    <ClInclude Include="Game\GameObject\UI\State\Title\State\MenuState\TitleMenu.h">
      <Filter>Game\GameObject\UI\State\Title\State\MenuState</Filter>
    </ClInclude>
    <ClInclude Include="Game\GameObject\UI\State\Title\State\MenuState\TitleMenuMenuIn.h">
      <Filter>Game\GameObject\UI\State\Title\State\MenuState</Filter>
    </ClInclude>
    <ClInclude Include="Game\GameObject\UI\State\Title\State\MenuState\TitleMenuState.h">
      <Filter>Game\GameObject\UI\State\Title\State\MenuState</Filter>
    </ClInclude>
    <ClInclude Include="Game\GameObject\UI\State\Title\State\MenuState\TitleMenuTitleMove.h">
      <Filter>Game\GameObject\UI\State\Title\State\MenuState</Filter>
    </ClInclude>
    <ClInclude Include="Game\GameObject\Render\MaterialFactory.h">
      <Filter>Game\GameObject\Render</Filter>
    </ClInclude>
    <ClInclude Include="Game\GameObject\Render\Render.h">
      <Filter>Game\GameObject\Render</Filter>
    </ClInclude>
    <ClInclude Include="Game\GameObject\Stage\Stage.h">
      <Filter>Game\GameObject\Stage</Filter>
    </ClInclude>
    <ClInclude Include="Game\GameObject\Stage\StageObject\StageObject.h">
      <Filter>Game\GameObject\Stage\StageObjcet</Filter>
    </ClInclude>
    <ClInclude Include="Game\GameObject\Stage\Object\Character\Player\PlayerState\PlayerState.h">
      <Filter>Game\GameObject\Stage\Object\Character\Player\State</Filter>
    </ClInclude>
    <ClInclude Include="Game\GameObject\Stage\Object\Character\Player\PlayerState\PlayerTitle.h">
      <Filter>Game\GameObject\Stage\Object\Character\Player\State</Filter>
    </ClInclude>
    <ClInclude Include="Game\GameObject\Stage\Object\Character\Player\PlayerState\PlayerAttack.h">
      <Filter>Game\GameObject\Stage\Object\Character\Player\State</Filter>
    </ClInclude>
    <ClInclude Include="Game\GameObject\Stage\Object\Character\Player\PlayerState\PlayerAvoidance.h">
      <Filter>Game\GameObject\Stage\Object\Character\Player\State</Filter>
    </ClInclude>
    <ClInclude Include="Game\GameObject\Stage\Collider\ColliderSystem.h">
      <Filter>Game\GameObject\Stage\Collider</Filter>
    </ClInclude>
    <ClInclude Include="Game\GameObject\Stage\Collider\PlayerCollider.h">
      <Filter>Game\GameObject\Stage\Collider</Filter>
    </ClInclude>
    <ClInclude Include="Game\GameObject\Stage\Collider\StageCollider.h">
      <Filter>Game\GameObject\Stage\Collider</Filter>
    </ClInclude>
    <ClInclude Include="Game\GameObject\Stage\Collider\EnemyCollider.h">
      <Filter>Game\GameObject\Stage\Collider</Filter>
    </ClInclude>
    <ClInclude Include="Crown\Object\Algorithm.h">
      <Filter>Crown\Object</Filter>
    </ClInclude>
    <ClInclude Include="Game\GameObject\Stage\Collider\ColliderAlgorithm.h">
      <Filter>Game\GameObject\Stage\Collider</Filter>
    </ClInclude>
    <ClInclude Include="Game\GameObject\Stage\Collider\InstanceCollection.h">
      <Filter>Game\GameObject\Stage\Collider</Filter>
    </ClInclude>
    <ClInclude Include="Game\GameObject\UI\State\Play\UIPlay.h">
      <Filter>Game\GameObject\UI\State\Play</Filter>
    </ClInclude>
    <ClInclude Include="Game\GameObject\Stage\Object\Character\Enemy\AIState\EnemyAIState.h">
      <Filter>Game\GameObject\Stage\Object\Character\Enemy\State</Filter>
    </ClInclude>
    <ClInclude Include="Game\GameObject\Stage\Collider\PlayerAttackCollider.h">
      <Filter>Game\GameObject\Stage\Collider</Filter>
    </ClInclude>
    <ClInclude Include="Crown\Object\RenderSystem\Model\FileType\TriangleColliderDebug.h">
      <Filter>Crown\Object\RenderSystem\Model\FileType</Filter>
    </ClInclude>
    <ClInclude Include="Game\GameObject\Stage\Object\Character\Player\UI\PlayerHpUi.h">
      <Filter>Game\GameObject\Stage\Object\Character\Player\UI</Filter>
    </ClInclude>
    <ClInclude Include="Game\GameObject\Stage\Object\Character\Enemy\UI\EnemyUi.h">
      <Filter>Game\GameObject\Stage\Object\Character\Enemy\UI</Filter>
    </ClInclude>
    <ClInclude Include="Game\GameObject\Stage\Object\Character\Enemy\AIState\EnemyAIStateCombat.h">
      <Filter>Game\GameObject\Stage\Object\Character\Enemy\State</Filter>
    </ClInclude>
    <ClInclude Include="Game\GameObject\Stage\Object\Character\Enemy\AIState\EnemyAIStatePatrol.h">
      <Filter>Game\GameObject\Stage\Object\Character\Enemy\State\Patrol</Filter>
    </ClInclude>
    <ClInclude Include="Game\GameObject\Stage\Object\Character\Enemy\AIState\NavigationAI\PointPatrol.h" />
    <ClInclude Include="MathLibrary.h" />
    <ClInclude Include="Game\GameObject\Stage\Object\Character\Enemy\AIState\EnemyAIStateTitle.h" />
    <ClInclude Include="Game\GameObject\Stage\Object\Character\Player\PlayerState\PlayerStateStand.h" />
    <ClInclude Include="Game\GameObject\Stage\Object\Character\Player\PlayerState\PlayerStateWalk.h" />
    <ClInclude Include="Game\GameObject\Stage\Object\Character\Player\PlayerState\PlayerStateRun.h" />
    <ClInclude Include="Game\GameObject\Stage\StageObject\Sky.h" />
    <ClInclude Include="Game\GameObject\Stage\Object\Character\Enemy\AIState\CombatAction\CombatActionState.h" />
    <ClInclude Include="Crown\Object\RenderSystem\DirectX12Wraps\DefaultRootSignature.h" />
    <ClInclude Include="Game\GameObject\Stage\StageObject\Aisle.h" />
    <ClInclude Include="Game\GameObject\Stage\Collider\AisleCollider.h" />
    <ClInclude Include="Game\GameObject\Stage\Object\Character\Enemy\AIState\CombatAction\CombatAttack.h" />
    <ClInclude Include="Game\GameObject\Stage\Collider\EnemyAttackCollider.h" />
    <ClInclude Include="Game\GameObject\Stage\Object\Character\HP.h" />
    <ClInclude Include="Game\GameObject\Stage\Object\Character\Player\PlayerState\PlayerDied.h" />
    <ClInclude Include="Game\GameObject\Stage\Object\Character\Enemy\AIState\CombatAction\WrapAround.h" />
    <ClInclude Include="Game\GameObject\Stage\Object\Character\Enemy\AIState\CombatAction\Approach.h" />
    <ClInclude Include="Game\GameObject\Stage\Object\Character\Enemy\AIState\CombatAction\ThrustAttack.h" />
    <ClInclude Include="Game\GameObject\Stage\Object\Character\Enemy\AIState\CombatAction\Shot.h" />
    <ClInclude Include="Game\GameObject\Stage\Object\Bullet.h" />
    <ClInclude Include="Game\GameObject\Stage\Collider\BulletCollider.h" />
  </ItemGroup>
  <ItemGroup>
    <Text Include="ヘッダーテンプレート.txt" />
  </ItemGroup>
  <ItemGroup>
    <FxCompile Include="Crown\Shader\MMDPs.hlsl">
      <Filter>Crown\Shader\MMD</Filter>
    </FxCompile>
    <FxCompile Include="Crown\Shader\PmdVs.hlsl">
      <Filter>Crown\Shader\MMD</Filter>
    </FxCompile>
    <FxCompile Include="Crown\Shader\PmxVs.hlsl">
      <Filter>Crown\Shader\MMD</Filter>
    </FxCompile>
    <FxCompile Include="Shader\Riria\Riria_VS.hlsl">
      <Filter>Shader\Riria</Filter>
    </FxCompile>
    <FxCompile Include="Shader\Riria\RiriaClothes_PS.hlsl">
      <Filter>Shader\Riria</Filter>
    </FxCompile>
    <FxCompile Include="Shader\Riria\RiriaEye_PS.hlsl">
      <Filter>Shader\Riria</Filter>
    </FxCompile>
    <FxCompile Include="Shader\Riria\RiriaHair_PS.hlsl">
      <Filter>Shader\Riria</Filter>
    </FxCompile>
    <FxCompile Include="Shader\Riria\RiriaSkin_PS.hlsl">
      <Filter>Shader\Riria</Filter>
    </FxCompile>
    <FxCompile Include="Shader\Riria\RiriaTights_PS.hlsl">
      <Filter>Shader\Riria</Filter>
    </FxCompile>
    <FxCompile Include="Crown\Shader\DebugVS.hlsl">
      <Filter>Crown\Shader\Debug</Filter>
    </FxCompile>
    <FxCompile Include="Crown\Shader\DebugPS.hlsl">
      <Filter>Crown\Shader\Debug</Filter>
    </FxCompile>
    <FxCompile Include="Crown\Shader\UIvs.hlsl">
      <Filter>Crown\Shader\UI</Filter>
    </FxCompile>
    <FxCompile Include="Crown\Shader\UIGs.hlsl">
      <Filter>Crown\Shader\UI</Filter>
    </FxCompile>
    <FxCompile Include="Crown\Shader\UIPs.hlsl">
      <Filter>Crown\Shader\UI</Filter>
    </FxCompile>
    <FxCompile Include="Shader\UI\PlayerHPUI\PlayerHPUI_VS.hlsl">
      <Filter>Shader\UI</Filter>
    </FxCompile>
    <FxCompile Include="Shader\UI\PlayerHPUI\PlayerHPUI_GS.hlsl">
      <Filter>Shader\UI</Filter>
    </FxCompile>
    <FxCompile Include="Shader\UI\PlayerHPUI\PlayerHPUI_PS.hlsl">
      <Filter>Shader\UI</Filter>
    </FxCompile>
    <FxCompile Include="Shader\UI\EnemyHPUI\EnemyHPUI_VS.hlsl">
      <Filter>Shader\UI</Filter>
    </FxCompile>
    <FxCompile Include="Shader\UI\EnemyHPUI\EnemyHPUI_GS.hlsl">
      <Filter>Shader\UI</Filter>
    </FxCompile>
    <FxCompile Include="Shader\UI\EnemyHPUI\EnemyHPUI_PS.hlsl">
      <Filter>Shader\UI</Filter>
    </FxCompile>
    <FxCompile Include="Shader\Obj\SkyVS.hlsl" />
    <FxCompile Include="Shader\Obj\SkyPS.hlsl" />
    <FxCompile Include="Shader\Obj\Obj_VS.hlsl" />
    <FxCompile Include="Shader\Obj\Obj_PS.hlsl" />
    <FxCompile Include="Shader\Default\ShadowVS.hlsl" />
    <FxCompile Include="Shader\Default\ShadowPS.hlsl" />
    <FxCompile Include="Shader\Default\DefaultVS.hlsl" />
    <FxCompile Include="Shader\Default\DefaultPS.hlsl" />
    <FxCompile Include="Shader\Obj\Obj_Shadow_VS.hlsl" />
    <FxCompile Include="Shader\Obj\Obj_Shadow_PS.hlsl" />
  </ItemGroup>
  <ItemGroup>
    <None Include="Crown\Shader\Data.hlsli">
      <Filter>Crown\Shader\MMD</Filter>
    </None>
    <None Include="Crown\Shader\UI.hlsli">
      <Filter>Crown\Shader\UI</Filter>
    </None>
    <None Include="packages.config" />
  </ItemGroup>
</Project>